
Microsoft Visual Studio Solution File, Format Version 12.00
# Visual Studio Version 16
VisualStudioVersion = 16.0.810.20
MinimumVisualStudioVersion = 10.0.40219.1
Project("{FAE04EC0-301F-11D3-BF4B-00C04F79EFBC}") = "xmarin_course.Android", "xmarin_course.Android\xmarin_course.Android.csproj", "{8CC6850C-398C-408B-BF77-51EE8C8C228D}"
EndProject
Project("{FAE04EC0-301F-11D3-BF4B-00C04F79EFBC}") = "xmarin_course.iOS", "xmarin_course.iOS\xmarin_course.iOS.csproj", "{9C00AF63-5A9E-4E71-8303-629B319C08E2}"
EndProject
Project("{FAE04EC0-301F-11D3-BF4B-00C04F79EFBC}") = "xmarin_course", "xmarin_course\xmarin_course.csproj", "{D7735A72-5AFD-410A-9C4A-F4AD3E99527B}"
EndProject
Global
	GlobalSection(SolutionConfigurationPlatforms) = preSolution
		Debug|Any CPU = Debug|Any CPU
		Release|Any CPU = Release|Any CPU
		Debug|iPhoneSimulator = Debug|iPhoneSimulator
		Release|iPhoneSimulator = Release|iPhoneSimulator
		Debug|iPhone = Debug|iPhone
		Release|iPhone = Release|iPhone
	EndGlobalSection
	GlobalSection(ProjectConfigurationPlatforms) = postSolution
		{8CC6850C-398C-408B-BF77-51EE8C8C228D}.Debug|Any CPU.ActiveCfg = Debug|Any CPU
		{8CC6850C-398C-408B-BF77-51EE8C8C228D}.Debug|Any CPU.Build.0 = Debug|Any CPU
		{8CC6850C-398C-408B-BF77-51EE8C8C228D}.Release|Any CPU.ActiveCfg = Release|Any CPU
		{8CC6850C-398C-408B-BF77-51EE8C8C228D}.Release|Any CPU.Build.0 = Release|Any CPU
		{8CC6850C-398C-408B-BF77-51EE8C8C228D}.Debug|iPhoneSimulator.ActiveCfg = Debug|Any CPU
		{8CC6850C-398C-408B-BF77-51EE8C8C228D}.Debug|iPhoneSimulator.Build.0 = Debug|Any CPU
		{8CC6850C-398C-408B-BF77-51EE8C8C228D}.Release|iPhoneSimulator.ActiveCfg = Release|Any CPU
		{8CC6850C-398C-408B-BF77-51EE8C8C228D}.Release|iPhoneSimulator.Build.0 = Release|Any CPU
		{8CC6850C-398C-408B-BF77-51EE8C8C228D}.Debug|iPhone.ActiveCfg = Debug|Any CPU
		{8CC6850C-398C-408B-BF77-51EE8C8C228D}.Debug|iPhone.Build.0 = Debug|Any CPU
		{8CC6850C-398C-408B-BF77-51EE8C8C228D}.Release|iPhone.ActiveCfg = Release|Any CPU
		{8CC6850C-398C-408B-BF77-51EE8C8C228D}.Release|iPhone.Build.0 = Release|Any CPU
		{9C00AF63-5A9E-4E71-8303-629B319C08E2}.Debug|Any CPU.ActiveCfg = Debug|iPhoneSimulator
		{9C00AF63-5A9E-4E71-8303-629B319C08E2}.Debug|Any CPU.Build.0 = Debug|iPhoneSimulator
		{9C00AF63-5A9E-4E71-8303-629B319C08E2}.Release|Any CPU.ActiveCfg = Release|iPhoneSimulator
		{9C00AF63-5A9E-4E71-8303-629B319C08E2}.Release|Any CPU.Build.0 = Release|iPhoneSimulator
		{9C00AF63-5A9E-4E71-8303-629B319C08E2}.Debug|iPhoneSimulator.ActiveCfg = Debug|iPhoneSimulator
		{9C00AF63-5A9E-4E71-8303-629B319C08E2}.Debug|iPhoneSimulator.Build.0 = Debug|iPhoneSimulator
		{9C00AF63-5A9E-4E71-8303-629B319C08E2}.Release|iPhoneSimulator.ActiveCfg = Release|iPhoneSimulator
		{9C00AF63-5A9E-4E71-8303-629B319C08E2}.Release|iPhoneSimulator.Build.0 = Release|iPhoneSimulator
		{9C00AF63-5A9E-4E71-8303-629B319C08E2}.Debug|iPhone.ActiveCfg = Debug|iPhone
		{9C00AF63-5A9E-4E71-8303-629B319C08E2}.Debug|iPhone.Build.0 = Debug|iPhone
		{9C00AF63-5A9E-4E71-8303-629B319C08E2}.Release|iPhone.ActiveCfg = Release|iPhone
		{9C00AF63-5A9E-4E71-8303-629B319C08E2}.Release|iPhone.Build.0 = Release|iPhone
		{D7735A72-5AFD-410A-9C4A-F4AD3E99527B}.Debug|Any CPU.ActiveCfg = Debug|Any CPU
		{D7735A72-5AFD-410A-9C4A-F4AD3E99527B}.Debug|Any CPU.Build.0 = Debug|Any CPU
		{D7735A72-5AFD-410A-9C4A-F4AD3E99527B}.Release|Any CPU.ActiveCfg = Release|Any CPU
		{D7735A72-5AFD-410A-9C4A-F4AD3E99527B}.Release|Any CPU.Build.0 = Release|Any CPU
		{D7735A72-5AFD-410A-9C4A-F4AD3E99527B}.Debug|iPhoneSimulator.ActiveCfg = Debug|Any CPU
		{D7735A72-5AFD-410A-9C4A-F4AD3E99527B}.Debug|iPhoneSimulator.Build.0 = Debug|Any CPU
		{D7735A72-5AFD-410A-9C4A-F4AD3E99527B}.Release|iPhoneSimulator.ActiveCfg = Release|Any CPU
		{D7735A72-5AFD-410A-9C4A-F4AD3E99527B}.Release|iPhoneSimulator.Build.0 = Release|Any CPU
		{D7735A72-5AFD-410A-9C4A-F4AD3E99527B}.Debug|iPhone.ActiveCfg = Debug|Any CPU
		{D7735A72-5AFD-410A-9C4A-F4AD3E99527B}.Debug|iPhone.Build.0 = Debug|Any CPU
		{D7735A72-5AFD-410A-9C4A-F4AD3E99527B}.Release|iPhone.ActiveCfg = Release|Any CPU
		{D7735A72-5AFD-410A-9C4A-F4AD3E99527B}.Release|iPhone.Build.0 = Release|Any CPU
	EndGlobalSection
	GlobalSection(SolutionProperties) = preSolution
		HideSolutionNode = FALSE
	EndGlobalSection
	GlobalSection(ExtensibilityGlobals) = postSolution
		SolutionGuid = {F3D5CA0D-9595-4AFE-AE17-73C885B5B8EE}
	EndGlobalSection
EndGlobal
